
Microsoft Visual Studio Solution File, Format Version 12.00
# Visual Studio 15
VisualStudioVersion = 15.0.28307.271
MinimumVisualStudioVersion = 10.0.40219.1
Project("{FAE04EC0-301F-11D3-BF4B-00C04F79EFBC}") = "ToDoList", "ToDoList.csproj", "{402196A8-6BB5-4274-8ABB-22B5BC062A51}"
EndProject
Global
	GlobalSection(SolutionConfigurationPlatforms) = preSolution
		Debug|Any CPU = Debug|Any CPU
		Release|Any CPU = Release|Any CPU
	EndGlobalSection
	GlobalSection(ProjectConfigurationPlatforms) = postSolution
		{402196A8-6BB5-4274-8ABB-22B5BC062A51}.Debug|Any CPU.ActiveCfg = Debug|Any CPU
		{402196A8-6BB5-4274-8ABB-22B5BC062A51}.Debug|Any CPU.Build.0 = Debug|Any CPU
		{402196A8-6BB5-4274-8ABB-22B5BC062A51}.Release|Any CPU.ActiveCfg = Release|Any CPU
		{402196A8-6BB5-4274-8ABB-22B5BC062A51}.Release|Any CPU.Build.0 = Release|Any CPU
	EndGlobalSection
	GlobalSection(SolutionProperties) = preSolution
		HideSolutionNode = FALSE
	EndGlobalSection
	GlobalSection(ExtensibilityGlobals) = postSolution
		SolutionGuid = {16266317-960D-4FD7-AE93-AF3F0989EE2A}
	EndGlobalSection
EndGlobal
